
Microsoft Visual Studio Solution File, Format Version 12.00
# Visual Studio Version 17
VisualStudioVersion = 17.5.002.0
MinimumVisualStudioVersion = 10.0.40219.1
Project("{2150E333-8FDC-42A3-9474-1A3956D46DE8}") = "csharp-prep", "csharp-prep", "{2411E281-B8EE-4B02-A86A-E1351138FA67}"
EndProject
Project("{9A19103F-16F7-4668-BE54-9A1E7A4F7556}") = "Prep1", "csharp-prep\Prep1\Prep1.csproj", "{7539748A-0BBE-47AD-B04D-0BAC63A509D0}"
EndProject
Project("{9A19103F-16F7-4668-BE54-9A1E7A4F7556}") = "Prep2", "csharp-prep\Prep2\Prep2.csproj", "{8CE9D87F-21F7-44C2-852A-7863AAEA2189}"
EndProject
Project("{9A19103F-16F7-4668-BE54-9A1E7A4F7556}") = "Prep3", "csharp-prep\Prep3\Prep3.csproj", "{8553F895-2465-411E-ADCE-2F3B67AB4D4B}"
EndProject
Project("{9A19103F-16F7-4668-BE54-9A1E7A4F7556}") = "Prep4", "csharp-prep\Prep4\Prep4.csproj", "{A9C1DE6D-8844-4F14-9E49-C35FC82F71CC}"
EndProject
Project("{9A19103F-16F7-4668-BE54-9A1E7A4F7556}") = "Prep5", "csharp-prep\Prep5\Prep5.csproj", "{89F86A19-7D56-4213-9A22-C98AD85B014D}"
EndProject
Project("{2150E333-8FDC-42A3-9474-1A3956D46DE8}") = "final", "final", "{CEC8A73A-7332-4AA3-A32F-0808CAB73EE2}"
EndProject
Project("{9A19103F-16F7-4668-BE54-9A1E7A4F7556}") = "FinalProject", "final\FinalProject\FinalProject.csproj", "{983B6806-6190-484E-928F-E525581D8988}"
EndProject
Project("{9A19103F-16F7-4668-BE54-9A1E7A4F7556}") = "Foundation1", "final\Foundation1\Foundation1.csproj", "{6FE0D7CD-AD86-4E8A-811F-9C1139323D55}"
EndProject
Project("{9A19103F-16F7-4668-BE54-9A1E7A4F7556}") = "Foundation2", "final\Foundation2\Foundation2.csproj", "{7596D8E2-7289-4264-B96E-44F1C5C94F6D}"
EndProject
Project("{9A19103F-16F7-4668-BE54-9A1E7A4F7556}") = "Foundation3", "final\Foundation3\Foundation3.csproj", "{09698643-6477-44CA-885A-5556AC844116}"
EndProject
Project("{9A19103F-16F7-4668-BE54-9A1E7A4F7556}") = "Foundation4", "final\Foundation4\Foundation4.csproj", "{67C674E7-0E27-4FCF-87E8-2DF426365E27}"
EndProject
Project("{2150E333-8FDC-42A3-9474-1A3956D46DE8}") = "prepare", "prepare", "{4F39082E-5201-450D-AB03-1263A685D533}"
EndProject
Project("{9A19103F-16F7-4668-BE54-9A1E7A4F7556}") = "Learning02", "prepare\Learning02\Learning02.csproj", "{93AF687E-13F6-4464-893E-C60C9CFB6C23}"
EndProject
Project("{9A19103F-16F7-4668-BE54-9A1E7A4F7556}") = "Learning03", "prepare\Learning03\Learning03.csproj", "{8FCB8EA8-C829-4CD7-8558-3619BA504886}"
EndProject
Project("{9A19103F-16F7-4668-BE54-9A1E7A4F7556}") = "Learning04", "prepare\Learning04\Learning04.csproj", "{6AFCA7AD-CC38-42E6-B142-67955B846E95}"
EndProject
Project("{9A19103F-16F7-4668-BE54-9A1E7A4F7556}") = "Learning05", "prepare\Learning05\Learning05.csproj", "{E171CA61-6863-4574-AE5A-25A27AAC2EA0}"
EndProject
Project("{2150E333-8FDC-42A3-9474-1A3956D46DE8}") = "prove", "prove", "{3C396CA6-82EA-468F-A85D-B7F1A5D37822}"
EndProject
Project("{9A19103F-16F7-4668-BE54-9A1E7A4F7556}") = "Develop02", "prove\Develop02\Develop02.csproj", "{C6790CE8-E661-4719-99D0-7DAAEBA76F26}"
EndProject
Project("{9A19103F-16F7-4668-BE54-9A1E7A4F7556}") = "Develop03", "prove\Develop03\Develop03.csproj", "{34DBD509-2FD3-495D-881D-7D45C6116355}"
EndProject
Project("{9A19103F-16F7-4668-BE54-9A1E7A4F7556}") = "Develop04", "prove\Develop04\Develop04.csproj", "{D6004037-CD90-4FB7-8871-6B6209B5727B}"
EndProject
Project("{9A19103F-16F7-4668-BE54-9A1E7A4F7556}") = "Develop05", "prove\Develop05\Develop05.csproj", "{4490DE93-F23B-439B-ADC7-56AD73CC640D}"
EndProject
Project("{2150E333-8FDC-42A3-9474-1A3956D46DE8}") = "sandbox", "sandbox", "{68CA5DC9-CCCF-49CB-8D05-769431B7E883}"
EndProject
Project("{9A19103F-16F7-4668-BE54-9A1E7A4F7556}") = "Sandbox", "sandbox\Sandbox\Sandbox.csproj", "{88AE83BD-90C6-4B08-BAA4-CC35113E1A7E}"
EndProject
Global
	GlobalSection(SolutionConfigurationPlatforms) = preSolution
		Debug|Any CPU = Debug|Any CPU
		Release|Any CPU = Release|Any CPU
	EndGlobalSection
	GlobalSection(ProjectConfigurationPlatforms) = postSolution
		{7539748A-0BBE-47AD-B04D-0BAC63A509D0}.Debug|Any CPU.ActiveCfg = Debug|Any CPU
		{7539748A-0BBE-47AD-B04D-0BAC63A509D0}.Debug|Any CPU.Build.0 = Debug|Any CPU
		{7539748A-0BBE-47AD-B04D-0BAC63A509D0}.Release|Any CPU.ActiveCfg = Release|Any CPU
		{7539748A-0BBE-47AD-B04D-0BAC63A509D0}.Release|Any CPU.Build.0 = Release|Any CPU
		{8CE9D87F-21F7-44C2-852A-7863AAEA2189}.Debug|Any CPU.ActiveCfg = Debug|Any CPU
		{8CE9D87F-21F7-44C2-852A-7863AAEA2189}.Debug|Any CPU.Build.0 = Debug|Any CPU
		{8CE9D87F-21F7-44C2-852A-7863AAEA2189}.Release|Any CPU.ActiveCfg = Release|Any CPU
		{8CE9D87F-21F7-44C2-852A-7863AAEA2189}.Release|Any CPU.Build.0 = Release|Any CPU
		{8553F895-2465-411E-ADCE-2F3B67AB4D4B}.Debug|Any CPU.ActiveCfg = Debug|Any CPU
		{8553F895-2465-411E-ADCE-2F3B67AB4D4B}.Debug|Any CPU.Build.0 = Debug|Any CPU
		{8553F895-2465-411E-ADCE-2F3B67AB4D4B}.Release|Any CPU.ActiveCfg = Release|Any CPU
		{8553F895-2465-411E-ADCE-2F3B67AB4D4B}.Release|Any CPU.Build.0 = Release|Any CPU
		{A9C1DE6D-8844-4F14-9E49-C35FC82F71CC}.Debug|Any CPU.ActiveCfg = Debug|Any CPU
		{A9C1DE6D-8844-4F14-9E49-C35FC82F71CC}.Debug|Any CPU.Build.0 = Debug|Any CPU
		{A9C1DE6D-8844-4F14-9E49-C35FC82F71CC}.Release|Any CPU.ActiveCfg = Release|Any CPU
		{A9C1DE6D-8844-4F14-9E49-C35FC82F71CC}.Release|Any CPU.Build.0 = Release|Any CPU
		{89F86A19-7D56-4213-9A22-C98AD85B014D}.Debug|Any CPU.ActiveCfg = Debug|Any CPU
		{89F86A19-7D56-4213-9A22-C98AD85B014D}.Debug|Any CPU.Build.0 = Debug|Any CPU
		{89F86A19-7D56-4213-9A22-C98AD85B014D}.Release|Any CPU.ActiveCfg = Release|Any CPU
		{89F86A19-7D56-4213-9A22-C98AD85B014D}.Release|Any CPU.Build.0 = Release|Any CPU
		{983B6806-6190-484E-928F-E525581D8988}.Debug|Any CPU.ActiveCfg = Debug|Any CPU
		{983B6806-6190-484E-928F-E525581D8988}.Debug|Any CPU.Build.0 = Debug|Any CPU
		{983B6806-6190-484E-928F-E525581D8988}.Release|Any CPU.ActiveCfg = Release|Any CPU
		{983B6806-6190-484E-928F-E525581D8988}.Release|Any CPU.Build.0 = Release|Any CPU
		{6FE0D7CD-AD86-4E8A-811F-9C1139323D55}.Debug|Any CPU.ActiveCfg = Debug|Any CPU
		{6FE0D7CD-AD86-4E8A-811F-9C1139323D55}.Debug|Any CPU.Build.0 = Debug|Any CPU
		{6FE0D7CD-AD86-4E8A-811F-9C1139323D55}.Release|Any CPU.ActiveCfg = Release|Any CPU
		{6FE0D7CD-AD86-4E8A-811F-9C1139323D55}.Release|Any CPU.Build.0 = Release|Any CPU
		{7596D8E2-7289-4264-B96E-44F1C5C94F6D}.Debug|Any CPU.ActiveCfg = Debug|Any CPU
		{7596D8E2-7289-4264-B96E-44F1C5C94F6D}.Debug|Any CPU.Build.0 = Debug|Any CPU
		{7596D8E2-7289-4264-B96E-44F1C5C94F6D}.Release|Any CPU.ActiveCfg = Release|Any CPU
		{7596D8E2-7289-4264-B96E-44F1C5C94F6D}.Release|Any CPU.Build.0 = Release|Any CPU
		{09698643-6477-44CA-885A-5556AC844116}.Debug|Any CPU.ActiveCfg = Debug|Any CPU
		{09698643-6477-44CA-885A-5556AC844116}.Debug|Any CPU.Build.0 = Debug|Any CPU
		{09698643-6477-44CA-885A-5556AC844116}.Release|Any CPU.ActiveCfg = Release|Any CPU
		{09698643-6477-44CA-885A-5556AC844116}.Release|Any CPU.Build.0 = Release|Any CPU
		{67C674E7-0E27-4FCF-87E8-2DF426365E27}.Debug|Any CPU.ActiveCfg = Debug|Any CPU
		{67C674E7-0E27-4FCF-87E8-2DF426365E27}.Debug|Any CPU.Build.0 = Debug|Any CPU
		{67C674E7-0E27-4FCF-87E8-2DF426365E27}.Release|Any CPU.ActiveCfg = Release|Any CPU
		{67C674E7-0E27-4FCF-87E8-2DF426365E27}.Release|Any CPU.Build.0 = Release|Any CPU
		{93AF687E-13F6-4464-893E-C60C9CFB6C23}.Debug|Any CPU.ActiveCfg = Debug|Any CPU
		{93AF687E-13F6-4464-893E-C60C9CFB6C23}.Debug|Any CPU.Build.0 = Debug|Any CPU
		{93AF687E-13F6-4464-893E-C60C9CFB6C23}.Release|Any CPU.ActiveCfg = Release|Any CPU
		{93AF687E-13F6-4464-893E-C60C9CFB6C23}.Release|Any CPU.Build.0 = Release|Any CPU
		{8FCB8EA8-C829-4CD7-8558-3619BA504886}.Debug|Any CPU.ActiveCfg = Debug|Any CPU
		{8FCB8EA8-C829-4CD7-8558-3619BA504886}.Debug|Any CPU.Build.0 = Debug|Any CPU
		{8FCB8EA8-C829-4CD7-8558-3619BA504886}.Release|Any CPU.ActiveCfg = Release|Any CPU
		{8FCB8EA8-C829-4CD7-8558-3619BA504886}.Release|Any CPU.Build.0 = Release|Any CPU
		{6AFCA7AD-CC38-42E6-B142-67955B846E95}.Debug|Any CPU.ActiveCfg = Debug|Any CPU
		{6AFCA7AD-CC38-42E6-B142-67955B846E95}.Debug|Any CPU.Build.0 = Debug|Any CPU
		{6AFCA7AD-CC38-42E6-B142-67955B846E95}.Release|Any CPU.ActiveCfg = Release|Any CPU
		{6AFCA7AD-CC38-42E6-B142-67955B846E95}.Release|Any CPU.Build.0 = Release|Any CPU
		{E171CA61-6863-4574-AE5A-25A27AAC2EA0}.Debug|Any CPU.ActiveCfg = Debug|Any CPU
		{E171CA61-6863-4574-AE5A-25A27AAC2EA0}.Debug|Any CPU.Build.0 = Debug|Any CPU
		{E171CA61-6863-4574-AE5A-25A27AAC2EA0}.Release|Any CPU.ActiveCfg = Release|Any CPU
		{E171CA61-6863-4574-AE5A-25A27AAC2EA0}.Release|Any CPU.Build.0 = Release|Any CPU
		{C6790CE8-E661-4719-99D0-7DAAEBA76F26}.Debug|Any CPU.ActiveCfg = Debug|Any CPU
		{C6790CE8-E661-4719-99D0-7DAAEBA76F26}.Debug|Any CPU.Build.0 = Debug|Any CPU
		{C6790CE8-E661-4719-99D0-7DAAEBA76F26}.Release|Any CPU.ActiveCfg = Release|Any CPU
		{C6790CE8-E661-4719-99D0-7DAAEBA76F26}.Release|Any CPU.Build.0 = Release|Any CPU
		{34DBD509-2FD3-495D-881D-7D45C6116355}.Debug|Any CPU.ActiveCfg = Debug|Any CPU
		{34DBD509-2FD3-495D-881D-7D45C6116355}.Debug|Any CPU.Build.0 = Debug|Any CPU
		{34DBD509-2FD3-495D-881D-7D45C6116355}.Release|Any CPU.ActiveCfg = Release|Any CPU
		{34DBD509-2FD3-495D-881D-7D45C6116355}.Release|Any CPU.Build.0 = Release|Any CPU
		{D6004037-CD90-4FB7-8871-6B6209B5727B}.Debug|Any CPU.ActiveCfg = Debug|Any CPU
		{D6004037-CD90-4FB7-8871-6B6209B5727B}.Debug|Any CPU.Build.0 = Debug|Any CPU
		{D6004037-CD90-4FB7-8871-6B6209B5727B}.Release|Any CPU.ActiveCfg = Release|Any CPU
		{D6004037-CD90-4FB7-8871-6B6209B5727B}.Release|Any CPU.Build.0 = Release|Any CPU
		{4490DE93-F23B-439B-ADC7-56AD73CC640D}.Debug|Any CPU.ActiveCfg = Debug|Any CPU
		{4490DE93-F23B-439B-ADC7-56AD73CC640D}.Debug|Any CPU.Build.0 = Debug|Any CPU
		{4490DE93-F23B-439B-ADC7-56AD73CC640D}.Release|Any CPU.ActiveCfg = Release|Any CPU
		{4490DE93-F23B-439B-ADC7-56AD73CC640D}.Release|Any CPU.Build.0 = Release|Any CPU
		{88AE83BD-90C6-4B08-BAA4-CC35113E1A7E}.Debug|Any CPU.ActiveCfg = Debug|Any CPU
		{88AE83BD-90C6-4B08-BAA4-CC35113E1A7E}.Debug|Any CPU.Build.0 = Debug|Any CPU
		{88AE83BD-90C6-4B08-BAA4-CC35113E1A7E}.Release|Any CPU.ActiveCfg = Release|Any CPU
		{88AE83BD-90C6-4B08-BAA4-CC35113E1A7E}.Release|Any CPU.Build.0 = Release|Any CPU
	EndGlobalSection
	GlobalSection(SolutionProperties) = preSolution
		HideSolutionNode = FALSE
	EndGlobalSection
	GlobalSection(NestedProjects) = preSolution
		{7539748A-0BBE-47AD-B04D-0BAC63A509D0} = {2411E281-B8EE-4B02-A86A-E1351138FA67}
		{8CE9D87F-21F7-44C2-852A-7863AAEA2189} = {2411E281-B8EE-4B02-A86A-E1351138FA67}
		{8553F895-2465-411E-ADCE-2F3B67AB4D4B} = {2411E281-B8EE-4B02-A86A-E1351138FA67}
		{A9C1DE6D-8844-4F14-9E49-C35FC82F71CC} = {2411E281-B8EE-4B02-A86A-E1351138FA67}
		{89F86A19-7D56-4213-9A22-C98AD85B014D} = {2411E281-B8EE-4B02-A86A-E1351138FA67}
		{983B6806-6190-484E-928F-E525581D8988} = {CEC8A73A-7332-4AA3-A32F-0808CAB73EE2}
		{6FE0D7CD-AD86-4E8A-811F-9C1139323D55} = {CEC8A73A-7332-4AA3-A32F-0808CAB73EE2}
		{7596D8E2-7289-4264-B96E-44F1C5C94F6D} = {CEC8A73A-7332-4AA3-A32F-0808CAB73EE2}
		{09698643-6477-44CA-885A-5556AC844116} = {CEC8A73A-7332-4AA3-A32F-0808CAB73EE2}
		{67C674E7-0E27-4FCF-87E8-2DF426365E27} = {CEC8A73A-7332-4AA3-A32F-0808CAB73EE2}
		{93AF687E-13F6-4464-893E-C60C9CFB6C23} = {4F39082E-5201-450D-AB03-1263A685D533}
		{8FCB8EA8-C829-4CD7-8558-3619BA504886} = {4F39082E-5201-450D-AB03-1263A685D533}
		{6AFCA7AD-CC38-42E6-B142-67955B846E95} = {4F39082E-5201-450D-AB03-1263A685D533}
		{E171CA61-6863-4574-AE5A-25A27AAC2EA0} = {4F39082E-5201-450D-AB03-1263A685D533}
		{C6790CE8-E661-4719-99D0-7DAAEBA76F26} = {3C396CA6-82EA-468F-A85D-B7F1A5D37822}
		{34DBD509-2FD3-495D-881D-7D45C6116355} = {3C396CA6-82EA-468F-A85D-B7F1A5D37822}
		{D6004037-CD90-4FB7-8871-6B6209B5727B} = {3C396CA6-82EA-468F-A85D-B7F1A5D37822}
		{4490DE93-F23B-439B-ADC7-56AD73CC640D} = {3C396CA6-82EA-468F-A85D-B7F1A5D37822}
		{88AE83BD-90C6-4B08-BAA4-CC35113E1A7E} = {68CA5DC9-CCCF-49CB-8D05-769431B7E883}
	EndGlobalSection
	GlobalSection(ExtensibilityGlobals) = postSolution
		SolutionGuid = {EDE858B2-7E33-4244-9E09-D068BDE379C9}
	EndGlobalSection
EndGlobal
